// !$*UTF8*$!
{
	archiveVersion = 1;
	classes = {
	};
	objectVersion = 46;
	objects = {

/* Begin PBXBuildFile section */
		E3FD6CC4B8CBEA8DBEB57D0F /* Pods_VolunteerNow.framework in Frameworks */ = {isa = PBXBuildFile; fileRef = 33E70E0217291F8488A8BE40 /* Pods_VolunteerNow.framework */; };
		FA2288A51F9BCF700063C693 /* EventDetailController.swift in Sources */ = {isa = PBXBuildFile; fileRef = FA2288A41F9BCF6F0063C693 /* EventDetailController.swift */; };
		FA36CC7A1F92D8070012A0DA /* BarFilterController.swift in Sources */ = {isa = PBXBuildFile; fileRef = FA36CC791F92D8070012A0DA /* BarFilterController.swift */; };
		FA36CC7C1F92D8160012A0DA /* BarSearchController.swift in Sources */ = {isa = PBXBuildFile; fileRef = FA36CC7B1F92D8160012A0DA /* BarSearchController.swift */; };
		FA36CC7E1F93BC3D0012A0DA /* EventCell.swift in Sources */ = {isa = PBXBuildFile; fileRef = FA36CC7D1F93BC3D0012A0DA /* EventCell.swift */; };
		FA36CC801F9410B40012A0DA /* Event.swift in Sources */ = {isa = PBXBuildFile; fileRef = FA36CC7F1F9410B40012A0DA /* Event.swift */; };
		FA36CC821F9419370012A0DA /* EventData.swift in Sources */ = {isa = PBXBuildFile; fileRef = FA36CC811F9419370012A0DA /* EventData.swift */; };
		FA3F50DD1F929A72007F6F9D /* AppDelegate.swift in Sources */ = {isa = PBXBuildFile; fileRef = FA3F50DC1F929A72007F6F9D /* AppDelegate.swift */; };
		FA3F50DF1F929A72007F6F9D /* FirstViewController.swift in Sources */ = {isa = PBXBuildFile; fileRef = FA3F50DE1F929A72007F6F9D /* FirstViewController.swift */; };
		FA3F50E11F929A72007F6F9D /* SecondViewController.swift in Sources */ = {isa = PBXBuildFile; fileRef = FA3F50E01F929A72007F6F9D /* SecondViewController.swift */; };
		FA3F50E41F929A72007F6F9D /* Main.storyboard in Resources */ = {isa = PBXBuildFile; fileRef = FA3F50E21F929A72007F6F9D /* Main.storyboard */; };
		FA3F50E61F929A72007F6F9D /* Assets.xcassets in Resources */ = {isa = PBXBuildFile; fileRef = FA3F50E51F929A72007F6F9D /* Assets.xcassets */; };
		FA3F50E91F929A72007F6F9D /* LaunchScreen.storyboard in Resources */ = {isa = PBXBuildFile; fileRef = FA3F50E71F929A72007F6F9D /* LaunchScreen.storyboard */; };
		FA3F50F21F929AC2007F6F9D /* MapKit.framework in Frameworks */ = {isa = PBXBuildFile; fileRef = FA3F50F11F929AC2007F6F9D /* MapKit.framework */; };
		FA3F50F51F92A8ED007F6F9D /* WelcomeController.swift in Sources */ = {isa = PBXBuildFile; fileRef = FA3F50F41F92A8EC007F6F9D /* WelcomeController.swift */; };
		FA3F50F71F92A906007F6F9D /* SignupController.swift in Sources */ = {isa = PBXBuildFile; fileRef = FA3F50F61F92A906007F6F9D /* SignupController.swift */; };
		FA3F50F91F92A916007F6F9D /* LoginController.swift in Sources */ = {isa = PBXBuildFile; fileRef = FA3F50F81F92A916007F6F9D /* LoginController.swift */; };
		FA3F50FB1F92A94F007F6F9D /* SignupInformationController.swift in Sources */ = {isa = PBXBuildFile; fileRef = FA3F50FA1F92A94F007F6F9D /* SignupInformationController.swift */; };
		FA3F51001F92BF39007F6F9D /* ContainerSearchController.swift in Sources */ = {isa = PBXBuildFile; fileRef = FA3F50FF1F92BF39007F6F9D /* ContainerSearchController.swift */; };
		FA3F51021F92C920007F6F9D /* SearchListController.swift in Sources */ = {isa = PBXBuildFile; fileRef = FA3F51011F92C920007F6F9D /* SearchListController.swift */; };
		FA3F51041F92C936007F6F9D /* SearchMapController.swift in Sources */ = {isa = PBXBuildFile; fileRef = FA3F51031F92C936007F6F9D /* SearchMapController.swift */; };
/* End PBXBuildFile section */

/* Begin PBXFileReference section */
		33E70E0217291F8488A8BE40 /* Pods_VolunteerNow.framework */ = {isa = PBXFileReference; explicitFileType = wrapper.framework; includeInIndex = 0; path = Pods_VolunteerNow.framework; sourceTree = BUILT_PRODUCTS_DIR; };
		C7ADA7A0481F8ED463455750 /* Pods-VolunteerNow.debug.xcconfig */ = {isa = PBXFileReference; includeInIndex = 1; lastKnownFileType = text.xcconfig; name = "Pods-VolunteerNow.debug.xcconfig"; path = "Pods/Target Support Files/Pods-VolunteerNow/Pods-VolunteerNow.debug.xcconfig"; sourceTree = "<group>"; };
		D80D05A16FBC781318CD52F0 /* Pods-VolunteerNow.release.xcconfig */ = {isa = PBXFileReference; includeInIndex = 1; lastKnownFileType = text.xcconfig; name = "Pods-VolunteerNow.release.xcconfig"; path = "Pods/Target Support Files/Pods-VolunteerNow/Pods-VolunteerNow.release.xcconfig"; sourceTree = "<group>"; };
		FA2288A41F9BCF6F0063C693 /* EventDetailController.swift */ = {isa = PBXFileReference; lastKnownFileType = sourcecode.swift; path = EventDetailController.swift; sourceTree = "<group>"; };
		FA36CC791F92D8070012A0DA /* BarFilterController.swift */ = {isa = PBXFileReference; fileEncoding = 4; lastKnownFileType = sourcecode.swift; path = BarFilterController.swift; sourceTree = "<group>"; };
		FA36CC7B1F92D8160012A0DA /* BarSearchController.swift */ = {isa = PBXFileReference; fileEncoding = 4; lastKnownFileType = sourcecode.swift; path = BarSearchController.swift; sourceTree = "<group>"; };
		FA36CC7D1F93BC3D0012A0DA /* EventCell.swift */ = {isa = PBXFileReference; fileEncoding = 4; lastKnownFileType = sourcecode.swift; path = EventCell.swift; sourceTree = "<group>"; };
		FA36CC7F1F9410B40012A0DA /* Event.swift */ = {isa = PBXFileReference; fileEncoding = 4; lastKnownFileType = sourcecode.swift; path = Event.swift; sourceTree = "<group>"; };
		FA36CC811F9419370012A0DA /* EventData.swift */ = {isa = PBXFileReference; fileEncoding = 4; lastKnownFileType = sourcecode.swift; path = EventData.swift; sourceTree = "<group>"; };
		FA3F50D91F929A72007F6F9D /* VolunteerNow.app */ = {isa = PBXFileReference; explicitFileType = wrapper.application; includeInIndex = 0; path = VolunteerNow.app; sourceTree = BUILT_PRODUCTS_DIR; };
		FA3F50DC1F929A72007F6F9D /* AppDelegate.swift */ = {isa = PBXFileReference; lastKnownFileType = sourcecode.swift; path = AppDelegate.swift; sourceTree = "<group>"; };
		FA3F50DE1F929A72007F6F9D /* FirstViewController.swift */ = {isa = PBXFileReference; lastKnownFileType = sourcecode.swift; path = FirstViewController.swift; sourceTree = "<group>"; };
		FA3F50E01F929A72007F6F9D /* SecondViewController.swift */ = {isa = PBXFileReference; lastKnownFileType = sourcecode.swift; path = SecondViewController.swift; sourceTree = "<group>"; };
		FA3F50E31F929A72007F6F9D /* Base */ = {isa = PBXFileReference; lastKnownFileType = file.storyboard; name = Base; path = Base.lproj/Main.storyboard; sourceTree = "<group>"; };
		FA3F50E51F929A72007F6F9D /* Assets.xcassets */ = {isa = PBXFileReference; lastKnownFileType = folder.assetcatalog; path = Assets.xcassets; sourceTree = "<group>"; };
		FA3F50E81F929A72007F6F9D /* Base */ = {isa = PBXFileReference; lastKnownFileType = file.storyboard; name = Base; path = Base.lproj/LaunchScreen.storyboard; sourceTree = "<group>"; };
		FA3F50EA1F929A72007F6F9D /* Info.plist */ = {isa = PBXFileReference; lastKnownFileType = text.plist.xml; path = Info.plist; sourceTree = "<group>"; };
		FA3F50F11F929AC2007F6F9D /* MapKit.framework */ = {isa = PBXFileReference; lastKnownFileType = wrapper.framework; name = MapKit.framework; path = System/Library/Frameworks/MapKit.framework; sourceTree = SDKROOT; };
		FA3F50F41F92A8EC007F6F9D /* WelcomeController.swift */ = {isa = PBXFileReference; fileEncoding = 4; lastKnownFileType = sourcecode.swift; path = WelcomeController.swift; sourceTree = "<group>"; };
		FA3F50F61F92A906007F6F9D /* SignupController.swift */ = {isa = PBXFileReference; fileEncoding = 4; lastKnownFileType = sourcecode.swift; path = SignupController.swift; sourceTree = "<group>"; };
		FA3F50F81F92A916007F6F9D /* LoginController.swift */ = {isa = PBXFileReference; fileEncoding = 4; lastKnownFileType = sourcecode.swift; path = LoginController.swift; sourceTree = "<group>"; };
		FA3F50FA1F92A94F007F6F9D /* SignupInformationController.swift */ = {isa = PBXFileReference; fileEncoding = 4; lastKnownFileType = sourcecode.swift; path = SignupInformationController.swift; sourceTree = "<group>"; };
		FA3F50FF1F92BF39007F6F9D /* ContainerSearchController.swift */ = {isa = PBXFileReference; fileEncoding = 4; lastKnownFileType = sourcecode.swift; path = ContainerSearchController.swift; sourceTree = "<group>"; };
		FA3F51011F92C920007F6F9D /* SearchListController.swift */ = {isa = PBXFileReference; fileEncoding = 4; lastKnownFileType = sourcecode.swift; path = SearchListController.swift; sourceTree = "<group>"; };
		FA3F51031F92C936007F6F9D /* SearchMapController.swift */ = {isa = PBXFileReference; fileEncoding = 4; lastKnownFileType = sourcecode.swift; path = SearchMapController.swift; sourceTree = "<group>"; };
/* End PBXFileReference section */

/* Begin PBXFrameworksBuildPhase section */
		FA3F50D61F929A72007F6F9D /* Frameworks */ = {
			isa = PBXFrameworksBuildPhase;
			buildActionMask = 2147483647;
			files = (
				FA3F50F21F929AC2007F6F9D /* MapKit.framework in Frameworks */,
				E3FD6CC4B8CBEA8DBEB57D0F /* Pods_VolunteerNow.framework in Frameworks */,
			);
			runOnlyForDeploymentPostprocessing = 0;
		};
/* End PBXFrameworksBuildPhase section */

/* Begin PBXGroup section */
		C1E4849A158AAEDEDC945C4D /* Pods */ = {
			isa = PBXGroup;
			children = (
				C7ADA7A0481F8ED463455750 /* Pods-VolunteerNow.debug.xcconfig */,
				D80D05A16FBC781318CD52F0 /* Pods-VolunteerNow.release.xcconfig */,
			);
			name = Pods;
			sourceTree = "<group>";
		};
		FA3F50D01F929A72007F6F9D = {
			isa = PBXGroup;
			children = (
				FA3F50DB1F929A72007F6F9D /* VolunteerNow */,
				FA3F50DA1F929A72007F6F9D /* Products */,
				FA3F50F01F929AC2007F6F9D /* Frameworks */,
				C1E4849A158AAEDEDC945C4D /* Pods */,
			);
			sourceTree = "<group>";
		};
		FA3F50DA1F929A72007F6F9D /* Products */ = {
			isa = PBXGroup;
			children = (
				FA3F50D91F929A72007F6F9D /* VolunteerNow.app */,
			);
			name = Products;
			sourceTree = "<group>";
		};
		FA3F50DB1F929A72007F6F9D /* VolunteerNow */ = {
			isa = PBXGroup;
			children = (
				FAA45F551F984041009C54D8 /* Login */,
				FA3F50FE1F92ACAD007F6F9D /* Search */,
				FA3F50FC1F92A9F1007F6F9D /* Data */,
				FA3F50DC1F929A72007F6F9D /* AppDelegate.swift */,
				FA3F50DE1F929A72007F6F9D /* FirstViewController.swift */,
				FA3F50E01F929A72007F6F9D /* SecondViewController.swift */,
				FA3F50E21F929A72007F6F9D /* Main.storyboard */,
				FA3F50E51F929A72007F6F9D /* Assets.xcassets */,
				FA3F50E71F929A72007F6F9D /* LaunchScreen.storyboard */,
				FA3F50EA1F929A72007F6F9D /* Info.plist */,
			);
			path = VolunteerNow;
			sourceTree = "<group>";
		};
		FA3F50F01F929AC2007F6F9D /* Frameworks */ = {
			isa = PBXGroup;
			children = (
				FA3F50F11F929AC2007F6F9D /* MapKit.framework */,
				33E70E0217291F8488A8BE40 /* Pods_VolunteerNow.framework */,
			);
			name = Frameworks;
			sourceTree = "<group>";
		};
		FA3F50FC1F92A9F1007F6F9D /* Data */ = {
			isa = PBXGroup;
			children = (
			);
			name = Data;
			sourceTree = "<group>";
		};
		FA3F50FE1F92ACAD007F6F9D /* Search */ = {
			isa = PBXGroup;
			children = (
				FA3F50FF1F92BF39007F6F9D /* ContainerSearchController.swift */,
				FA3F51011F92C920007F6F9D /* SearchListController.swift */,
				FA3F51031F92C936007F6F9D /* SearchMapController.swift */,
				FA36CC791F92D8070012A0DA /* BarFilterController.swift */,
				FA36CC7B1F92D8160012A0DA /* BarSearchController.swift */,
				FA36CC7D1F93BC3D0012A0DA /* EventCell.swift */,
				FA36CC7F1F9410B40012A0DA /* Event.swift */,
				FA36CC811F9419370012A0DA /* EventData.swift */,
				FA2288A41F9BCF6F0063C693 /* EventDetailController.swift */,
			);
			name = Search;
			sourceTree = "<group>";
		};
		FAA45F551F984041009C54D8 /* Login */ = {
			isa = PBXGroup;
			children = (
				FA3F50F41F92A8EC007F6F9D /* WelcomeController.swift */,
				FA3F50F61F92A906007F6F9D /* SignupController.swift */,
				FA3F50F81F92A916007F6F9D /* LoginController.swift */,
				FA3F50FA1F92A94F007F6F9D /* SignupInformationController.swift */,
			);
			name = Login;
			sourceTree = "<group>";
		};
/* End PBXGroup section */

/* Begin PBXNativeTarget section */
		FA3F50D81F929A72007F6F9D /* VolunteerNow */ = {
			isa = PBXNativeTarget;
			buildConfigurationList = FA3F50ED1F929A72007F6F9D /* Build configuration list for PBXNativeTarget "VolunteerNow" */;
			buildPhases = (
				877DEC2E675B21704BC09CEB /* [CP] Check Pods Manifest.lock */,
				FA3F50D51F929A72007F6F9D /* Sources */,
				FA3F50D61F929A72007F6F9D /* Frameworks */,
				FA3F50D71F929A72007F6F9D /* Resources */,
				944FE2A893FC12DDCFDE1CA8 /* [CP] Embed Pods Frameworks */,
				EE50C8C70F433A93927D71D7 /* [CP] Copy Pods Resources */,
			);
			buildRules = (
			);
			dependencies = (
			);
			name = VolunteerNow;
			productName = VolunteerNow;
			productReference = FA3F50D91F929A72007F6F9D /* VolunteerNow.app */;
			productType = "com.apple.product-type.application";
		};
/* End PBXNativeTarget section */

/* Begin PBXProject section */
		FA3F50D11F929A72007F6F9D /* Project object */ = {
			isa = PBXProject;
			attributes = {
				LastSwiftUpdateCheck = 0830;
				LastUpgradeCheck = 0830;
				ORGANIZATIONNAME = Ayush;
				TargetAttributes = {
					FA3F50D81F929A72007F6F9D = {
						CreatedOnToolsVersion = 8.3.3;
						DevelopmentTeam = 3NE2WWC249;
						ProvisioningStyle = Automatic;
						SystemCapabilities = {
							com.apple.Maps.iOS = {
								enabled = 1;
							};
						};
					};
				};
			};
			buildConfigurationList = FA3F50D41F929A72007F6F9D /* Build configuration list for PBXProject "VolunteerNow" */;
			compatibilityVersion = "Xcode 3.2";
			developmentRegion = English;
			hasScannedForEncodings = 0;
			knownRegions = (
				en,
				Base,
			);
			mainGroup = FA3F50D01F929A72007F6F9D;
			productRefGroup = FA3F50DA1F929A72007F6F9D /* Products */;
			projectDirPath = "";
			projectRoot = "";
			targets = (
				FA3F50D81F929A72007F6F9D /* VolunteerNow */,
			);
		};
/* End PBXProject section */

/* Begin PBXResourcesBuildPhase section */
		FA3F50D71F929A72007F6F9D /* Resources */ = {
			isa = PBXResourcesBuildPhase;
			buildActionMask = 2147483647;
			files = (
				FA3F50E91F929A72007F6F9D /* LaunchScreen.storyboard in Resources */,
				FA3F50E61F929A72007F6F9D /* Assets.xcassets in Resources */,
				FA3F50E41F929A72007F6F9D /* Main.storyboard in Resources */,
			);
			runOnlyForDeploymentPostprocessing = 0;
		};
/* End PBXResourcesBuildPhase section */

/* Begin PBXShellScriptBuildPhase section */
		877DEC2E675B21704BC09CEB /* [CP] Check Pods Manifest.lock */ = {
			isa = PBXShellScriptBuildPhase;
			buildActionMask = 2147483647;
			files = (
			);
			inputPaths = (
				"${PODS_PODFILE_DIR_PATH}/Podfile.lock",
				"${PODS_ROOT}/Manifest.lock",
			);
			name = "[CP] Check Pods Manifest.lock";
			outputPaths = (
				"$(DERIVED_FILE_DIR)/Pods-VolunteerNow-checkManifestLockResult.txt",
			);
			runOnlyForDeploymentPostprocessing = 0;
			shellPath = /bin/sh;
			shellScript = "diff \"${PODS_PODFILE_DIR_PATH}/Podfile.lock\" \"${PODS_ROOT}/Manifest.lock\" > /dev/null\nif [ $? != 0 ] ; then\n    # print error to STDERR\n    echo \"error: The sandbox is not in sync with the Podfile.lock. Run 'pod install' or update your CocoaPods installation.\" >&2\n    exit 1\nfi\n# This output is used by Xcode 'outputs' to avoid re-running this script phase.\necho \"SUCCESS\" > \"${SCRIPT_OUTPUT_FILE_0}\"\n";
			showEnvVarsInLog = 0;
		};
		944FE2A893FC12DDCFDE1CA8 /* [CP] Embed Pods Frameworks */ = {
			isa = PBXShellScriptBuildPhase;
			buildActionMask = 2147483647;
			files = (
			);
			inputPaths = (
				"${SRCROOT}/Pods/Target Support Files/Pods-VolunteerNow/Pods-VolunteerNow-frameworks.sh",
				"${BUILT_PRODUCTS_DIR}/Alamofire/Alamofire.framework",
			);
			name = "[CP] Embed Pods Frameworks";
			outputPaths = (
				"${TARGET_BUILD_DIR}/${FRAMEWORKS_FOLDER_PATH}/Alamofire.framework",
			);
			runOnlyForDeploymentPostprocessing = 0;
			shellPath = /bin/sh;
			shellScript = "\"${SRCROOT}/Pods/Target Support Files/Pods-VolunteerNow/Pods-VolunteerNow-frameworks.sh\"\n";
			showEnvVarsInLog = 0;
		};
		EE50C8C70F433A93927D71D7 /* [CP] Copy Pods Resources */ = {
			isa = PBXShellScriptBuildPhase;
			buildActionMask = 2147483647;
			files = (
			);
			inputPaths = (
			);
			name = "[CP] Copy Pods Resources";
			outputPaths = (
			);
			runOnlyForDeploymentPostprocessing = 0;
			shellPath = /bin/sh;
			shellScript = "\"${SRCROOT}/Pods/Target Support Files/Pods-VolunteerNow/Pods-VolunteerNow-resources.sh\"\n";
			showEnvVarsInLog = 0;
		};
/* End PBXShellScriptBuildPhase section */

/* Begin PBXSourcesBuildPhase section */
		FA3F50D51F929A72007F6F9D /* Sources */ = {
			isa = PBXSourcesBuildPhase;
			buildActionMask = 2147483647;
			files = (
				FA3F50FB1F92A94F007F6F9D /* SignupInformationController.swift in Sources */,
				FA3F50E11F929A72007F6F9D /* SecondViewController.swift in Sources */,
				FA36CC821F9419370012A0DA /* EventData.swift in Sources */,
				FA36CC7A1F92D8070012A0DA /* BarFilterController.swift in Sources */,
				FA36CC7C1F92D8160012A0DA /* BarSearchController.swift in Sources */,
				FA3F51041F92C936007F6F9D /* SearchMapController.swift in Sources */,
				FA3F50F91F92A916007F6F9D /* LoginController.swift in Sources */,
				FA3F50DD1F929A72007F6F9D /* AppDelegate.swift in Sources */,
				FA36CC7E1F93BC3D0012A0DA /* EventCell.swift in Sources */,
				FA3F50F51F92A8ED007F6F9D /* WelcomeController.swift in Sources */,
				FA3F51021F92C920007F6F9D /* SearchListController.swift in Sources */,
				FA3F50F71F92A906007F6F9D /* SignupController.swift in Sources */,
				FA3F50DF1F929A72007F6F9D /* FirstViewController.swift in Sources */,
				FA36CC801F9410B40012A0DA /* Event.swift in Sources */,
				FA3F51001F92BF39007F6F9D /* ContainerSearchController.swift in Sources */,
				FA2288A51F9BCF700063C693 /* EventDetailController.swift in Sources */,
			);
			runOnlyForDeploymentPostprocessing = 0;
		};
/* End PBXSourcesBuildPhase section */

/* Begin PBXVariantGroup section */
		FA3F50E21F929A72007F6F9D /* Main.storyboard */ = {
			isa = PBXVariantGroup;
			children = (
				FA3F50E31F929A72007F6F9D /* Base */,
			);
			name = Main.storyboard;
			sourceTree = "<group>";
		};
		FA3F50E71F929A72007F6F9D /* LaunchScreen.storyboard */ = {
			isa = PBXVariantGroup;
			children = (
				FA3F50E81F929A72007F6F9D /* Base */,
			);
			name = LaunchScreen.storyboard;
			sourceTree = "<group>";
		};
/* End PBXVariantGroup section */

/* Begin XCBuildConfiguration section */
		FA3F50EB1F929A72007F6F9D /* Debug */ = {
			isa = XCBuildConfiguration;
			buildSettings = {
				ALWAYS_SEARCH_USER_PATHS = NO;
				CLANG_ANALYZER_NONNULL = YES;
				CLANG_ANALYZER_NUMBER_OBJECT_CONVERSION = YES_AGGRESSIVE;
				CLANG_CXX_LANGUAGE_STANDARD = "gnu++0x";
				CLANG_CXX_LIBRARY = "libc++";
				CLANG_ENABLE_MODULES = YES;
				CLANG_ENABLE_OBJC_ARC = YES;
				CLANG_WARN_BOOL_CONVERSION = YES;
				CLANG_WARN_CONSTANT_CONVERSION = YES;
				CLANG_WARN_DIRECT_OBJC_ISA_USAGE = YES_ERROR;
				CLANG_WARN_DOCUMENTATION_COMMENTS = YES;
				CLANG_WARN_EMPTY_BODY = YES;
				CLANG_WARN_ENUM_CONVERSION = YES;
				CLANG_WARN_INFINITE_RECURSION = YES;
				CLANG_WARN_INT_CONVERSION = YES;
				CLANG_WARN_OBJC_ROOT_CLASS = YES_ERROR;
				CLANG_WARN_SUSPICIOUS_MOVE = YES;
				CLANG_WARN_UNREACHABLE_CODE = YES;
				CLANG_WARN__DUPLICATE_METHOD_MATCH = YES;
				"CODE_SIGN_IDENTITY[sdk=iphoneos*]" = "iPhone Developer";
				COPY_PHASE_STRIP = NO;
				DEBUG_INFORMATION_FORMAT = dwarf;
				ENABLE_STRICT_OBJC_MSGSEND = YES;
				ENABLE_TESTABILITY = YES;
				GCC_C_LANGUAGE_STANDARD = gnu99;
				GCC_DYNAMIC_NO_PIC = NO;
				GCC_NO_COMMON_BLOCKS = YES;
				GCC_OPTIMIZATION_LEVEL = 0;
				GCC_PREPROCESSOR_DEFINITIONS = (
					"DEBUG=1",
					"$(inherited)",
				);
				GCC_WARN_64_TO_32_BIT_CONVERSION = YES;
				GCC_WARN_ABOUT_RETURN_TYPE = YES_ERROR;
				GCC_WARN_UNDECLARED_SELECTOR = YES;
				GCC_WARN_UNINITIALIZED_AUTOS = YES_AGGRESSIVE;
				GCC_WARN_UNUSED_FUNCTION = YES;
				GCC_WARN_UNUSED_VARIABLE = YES;
				IPHONEOS_DEPLOYMENT_TARGET = 10.3;
				MTL_ENABLE_DEBUG_INFO = YES;
				ONLY_ACTIVE_ARCH = YES;
				SDKROOT = iphoneos;
				SWIFT_ACTIVE_COMPILATION_CONDITIONS = DEBUG;
				SWIFT_OPTIMIZATION_LEVEL = "-Onone";
			};
			name = Debug;
		};
		FA3F50EC1F929A72007F6F9D /* Release */ = {
			isa = XCBuildConfiguration;
			buildSettings = {
				ALWAYS_SEARCH_USER_PATHS = NO;
				CLANG_ANALYZER_NONNULL = YES;
				CLANG_ANALYZER_NUMBER_OBJECT_CONVERSION = YES_AGGRESSIVE;
				CLANG_CXX_LANGUAGE_STANDARD = "gnu++0x";
				CLANG_CXX_LIBRARY = "libc++";
				CLANG_ENABLE_MODULES = YES;
				CLANG_ENABLE_OBJC_ARC = YES;
				CLANG_WARN_BOOL_CONVERSION = YES;
				CLANG_WARN_CONSTANT_CONVERSION = YES;
				CLANG_WARN_DIRECT_OBJC_ISA_USAGE = YES_ERROR;
				CLANG_WARN_DOCUMENTATION_COMMENTS = YES;
				CLANG_WARN_EMPTY_BODY = YES;
				CLANG_WARN_ENUM_CONVERSION = YES;
				CLANG_WARN_INFINITE_RECURSION = YES;
				CLANG_WARN_INT_CONVERSION = YES;
				CLANG_WARN_OBJC_ROOT_CLASS = YES_ERROR;
				CLANG_WARN_SUSPICIOUS_MOVE = YES;
				CLANG_WARN_UNREACHABLE_CODE = YES;
				CLANG_WARN__DUPLICATE_METHOD_MATCH = YES;
				"CODE_SIGN_IDENTITY[sdk=iphoneos*]" = "iPhone Developer";
				COPY_PHASE_STRIP = NO;
				DEBUG_INFORMATION_FORMAT = "dwarf-with-dsym";
				ENABLE_NS_ASSERTIONS = NO;
				ENABLE_STRICT_OBJC_MSGSEND = YES;
				GCC_C_LANGUAGE_STANDARD = gnu99;
				GCC_NO_COMMON_BLOCKS = YES;
				GCC_WARN_64_TO_32_BIT_CONVERSION = YES;
				GCC_WARN_ABOUT_RETURN_TYPE = YES_ERROR;
				GCC_WARN_UNDECLARED_SELECTOR = YES;
				GCC_WARN_UNINITIALIZED_AUTOS = YES_AGGRESSIVE;
				GCC_WARN_UNUSED_FUNCTION = YES;
				GCC_WARN_UNUSED_VARIABLE = YES;
				IPHONEOS_DEPLOYMENT_TARGET = 10.3;
				MTL_ENABLE_DEBUG_INFO = NO;
				SDKROOT = iphoneos;
				SWIFT_OPTIMIZATION_LEVEL = "-Owholemodule";
				VALIDATE_PRODUCT = YES;
			};
			name = Release;
		};
		FA3F50EE1F929A72007F6F9D /* Debug */ = {
			isa = XCBuildConfiguration;
			baseConfigurationReference = C7ADA7A0481F8ED463455750 /* Pods-VolunteerNow.debug.xcconfig */;
			buildSettings = {
				ASSETCATALOG_COMPILER_APPICON_NAME = AppIcon;
				DEVELOPMENT_TEAM = 3NE2WWC249;
				INFOPLIST_FILE = VolunteerNow/Info.plist;
				IPHONEOS_DEPLOYMENT_TARGET = 10.0;
				LD_RUNPATH_SEARCH_PATHS = "$(inherited) @executable_path/Frameworks";
				PRODUCT_BUNDLE_IDENTIFIER = com.anildev.Volunteer;
				PRODUCT_NAME = "$(TARGET_NAME)";
				SWIFT_VERSION = 3.0;
			};
			name = Debug;
		};
		FA3F50EF1F929A72007F6F9D /* Release */ = {
			isa = XCBuildConfiguration;
			baseConfigurationReference = D80D05A16FBC781318CD52F0 /* Pods-VolunteerNow.release.xcconfig */;
			buildSettings = {
				ASSETCATALOG_COMPILER_APPICON_NAME = AppIcon;
				DEVELOPMENT_TEAM = 3NE2WWC249;
				INFOPLIST_FILE = VolunteerNow/Info.plist;
				IPHONEOS_DEPLOYMENT_TARGET = 10.0;
				LD_RUNPATH_SEARCH_PATHS = "$(inherited) @executable_path/Frameworks";
				PRODUCT_BUNDLE_IDENTIFIER = com.anildev.Volunteer;
				PRODUCT_NAME = "$(TARGET_NAME)";
				SWIFT_VERSION = 3.0;
			};
			name = Release;
		};
/* End XCBuildConfiguration section */

/* Begin XCConfigurationList section */
		FA3F50D41F929A72007F6F9D /* Build configuration list for PBXProject "VolunteerNow" */ = {
			isa = XCConfigurationList;
			buildConfigurations = (
				FA3F50EB1F929A72007F6F9D /* Debug */,
				FA3F50EC1F929A72007F6F9D /* Release */,
			);
			defaultConfigurationIsVisible = 0;
			defaultConfigurationName = Release;
		};
		FA3F50ED1F929A72007F6F9D /* Build configuration list for PBXNativeTarget "VolunteerNow" */ = {
			isa = XCConfigurationList;
			buildConfigurations = (
				FA3F50EE1F929A72007F6F9D /* Debug */,
				FA3F50EF1F929A72007F6F9D /* Release */,
			);
			defaultConfigurationIsVisible = 0;
			defaultConfigurationName = Release;
		};
/* End XCConfigurationList section */
	};
	rootObject = FA3F50D11F929A72007F6F9D /* Project object */;
}
